
Microsoft Visual Studio Solution File, Format Version 12.00
# Visual Studio Version 17
VisualStudioVersion = 17.5.33530.505
MinimumVisualStudioVersion = 10.0.40219.1
Project("{FAE04EC0-301F-11D3-BF4B-00C04F79EFBC}") = "Service.API", "Service.Product.API\Service.API.csproj", "{DCFEF0C0-B395-4277-B912-043921F70671}"
EndProject
Global
	GlobalSection(SolutionConfigurationPlatforms) = preSolution
		Debug|Any CPU = Debug|Any CPU
		Release|Any CPU = Release|Any CPU
	EndGlobalSection
	GlobalSection(ProjectConfigurationPlatforms) = postSolution
		{DCFEF0C0-B395-4277-B912-043921F70671}.Debug|Any CPU.ActiveCfg = Debug|Any CPU
		{DCFEF0C0-B395-4277-B912-043921F70671}.Debug|Any CPU.Build.0 = Debug|Any CPU
		{DCFEF0C0-B395-4277-B912-043921F70671}.Release|Any CPU.ActiveCfg = Release|Any CPU
		{DCFEF0C0-B395-4277-B912-043921F70671}.Release|Any CPU.Build.0 = Release|Any CPU
	EndGlobalSection
	GlobalSection(SolutionProperties) = preSolution
		HideSolutionNode = FALSE
	EndGlobalSection
	GlobalSection(ExtensibilityGlobals) = postSolution
		SolutionGuid = {A2DCEFA2-B75B-4648-947C-B9EA27AC3AC5}
	EndGlobalSection
EndGlobal
